<?xml version="1.0" encoding="UTF-8" standalone="yes" ?>
<CodeBlocks_project_file>
	<FileVersion major="1" minor="6" />
	<Project>
		<Option title="Proyecto 1" />
		<Option pch_mode="2" />
		<Option compiler="gcc" />
		<Build>
			<Target title="Debug">
				<Option output="bin/Debug/Proyecto 1" prefix_auto="1" extension_auto="1" />
				<Option object_output="obj/Debug/" />
				<Option type="1" />
				<Option compiler="gcc" />
				<Compiler>
					<Add option="-g" />
					<Add directory="CLASES" />
					<Add directory="iCLASES" />
					<Add directory="EDD" />
					<Add directory="../Proyecto 1" />
					<Add directory="include" />
				</Compiler>
			</Target>
			<Target title="Release">
				<Option output="bin/Release/Proyecto 1" prefix_auto="1" extension_auto="1" />
				<Option object_output="obj/Release/" />
				<Option type="1" />
				<Option compiler="gcc" />
				<Compiler>
					<Add option="-O2" />
					<Add directory="CLASES" />
					<Add directory="iCLASES" />
					<Add directory="EDD" />
					<Add directory="../Proyecto 1" />
					<Add directory="include" />
				</Compiler>
				<Linker>
					<Add option="-s" />
				</Linker>
			</Target>
		</Build>
		<Compiler>
			<Add option="-Wall" />
			<Add option="-fexceptions" />
		</Compiler>
		<Unit filename="Clases/Album.cpp" />
		<Unit filename="Clases/Album.h" />
		<Unit filename="Clases/Artist.cpp" />
		<Unit filename="Clases/Artist.h" />
		<Unit filename="Clases/Playlist.h" />
		<Unit filename="Clases/Song.cpp" />
		<Unit filename="Clases/Song.h" />
		<Unit filename="Clases/playlist.cpp" />
		<Unit filename="EDD/Cola.cpp" />
		<Unit filename="EDD/Cola.h" />
		<Unit filename="EDD/Cubo.cpp" />
		<Unit filename="EDD/Cubo.h" />
		<Unit filename="EDD/ListaDoble.h" />
		<Unit filename="EDD/ListaSimple.cpp" />
		<Unit filename="EDD/ListaSimple.h" />
		<Unit filename="EDD/NodoC.cpp" />
		<Unit filename="EDD/NodoC.h" />
		<Unit filename="EDD/Pila.cpp" />
		<Unit filename="EDD/Pila.h" />
		<Unit filename="EDD/arbolbin.cpp" />
		<Unit filename="EDD/arbolbin.h" />
		<Unit filename="EDD/discografy.h" />
		<Unit filename="EDD/hoja.cpp" />
		<Unit filename="EDD/hoja.h" />
		<Unit filename="EDD/listadalbum.cpp" />
		<Unit filename="EDD/listadalbum.h" />
		<Unit filename="EDD/listadartistas.cpp" />
		<Unit filename="EDD/listadartistas.h" />
		<Unit filename="EDD/listadoblecircular.cpp" />
		<Unit filename="EDD/listadoblecircular.h" />
		<Unit filename="EDD/listadsongs.cpp" />
		<Unit filename="EDD/listadsongs.h" />
		<Unit filename="json.hpp" />
		<Unit filename="main.cpp" />
		<Extensions>
			<code_completion />
			<envvars />
			<debugger />
		</Extensions>
	</Project>
</CodeBlocks_project_file>
